
Microsoft Visual Studio Solution File, Format Version 12.00
# Visual Studio Version 17
VisualStudioVersion = 17.0.32014.148
MinimumVisualStudioVersion = 10.0.40219.1
Project("{2150E333-8FDC-42A3-9474-1A3956D46DE8}") = "src", "src", "{E9F74AC6-D725-4F79-BA28-BD9D03C9ABD5}"
EndProject
Project("{2150E333-8FDC-42A3-9474-1A3956D46DE8}") = "Common", "Common", "{5BAD3C0A-4EB7-453B-AC39-8CD5DB5D6976}"
EndProject
Project("{9A19103F-16F7-4668-BE54-9A1E7A4F7556}") = "CityWork.Application", "src\Common\CityWork.Application\CityWork.Application.csproj", "{6059B755-4593-4AEA-84DC-B0709F6994AE}"
EndProject
Project("{9A19103F-16F7-4668-BE54-9A1E7A4F7556}") = "CityWork.Domain", "src\Common\CityWork.Domain\CityWork.Domain.csproj", "{67F18B8D-E241-4832-A01E-06D33BFBBF7B}"
EndProject
Project("{9A19103F-16F7-4668-BE54-9A1E7A4F7556}") = "CityWork.Infrastructure", "src\Common\CityWork.Infrastructure\CityWork.Infrastructure.csproj", "{6CB67013-D859-41C3-AE00-33E1221EC5DC}"
EndProject
Project("{9A19103F-16F7-4668-BE54-9A1E7A4F7556}") = "CityWork.Shared", "src\Common\CityWork.Shared\CityWork.Shared.csproj", "{4B44F9E9-A3DB-47BF-A551-7DBCBF9B4E4F}"
EndProject
Project("{2150E333-8FDC-42A3-9474-1A3956D46DE8}") = "Services", "Services", "{6671551D-C9CA-4505-B1A8-20E1C837E1CD}"
EndProject
Project("{2150E333-8FDC-42A3-9474-1A3956D46DE8}") = "Gateways", "Gateways", "{227C65E5-EAF5-44B3-91BB-83F4D6AB3684}"
EndProject
Project("{2150E333-8FDC-42A3-9474-1A3956D46DE8}") = "Client", "Client", "{1423760E-6FE7-436D-B5CD-519F75F9F133}"
EndProject
Project("{9A19103F-16F7-4668-BE54-9A1E7A4F7556}") = "CityWork.Gateways.WebAPI", "src\Gateways\CityWork.Gateways.WebAPI\CityWork.Gateways.WebAPI.csproj", "{AFC64773-B233-4F81-AB85-4F9E1605F174}"
EndProject
Project("{9A19103F-16F7-4668-BE54-9A1E7A4F7556}") = "CityWork.Services.AuditLog.API", "src\Services\AuditLog\CityWork.Services.AuditLog.API\CityWork.Services.AuditLog.API.csproj", "{8AD87C00-5F45-4E7B-B13E-CAE128B75B8A}"
EndProject
Project("{2150E333-8FDC-42A3-9474-1A3956D46DE8}") = "AuditLog", "AuditLog", "{66AA8B9C-18EB-4BD0-AC94-9253EE214451}"
EndProject
Project("{2150E333-8FDC-42A3-9474-1A3956D46DE8}") = "Product", "Product", "{6ED2C6E5-4620-407F-8087-D59474DF20CB}"
EndProject
Project("{9A19103F-16F7-4668-BE54-9A1E7A4F7556}") = "CityWork.Services.Product.API", "src\Services\Product\CityWork.Services.Product.API\CityWork.Services.Product.API.csproj", "{DE485F87-0D06-486A-BC46-A583CBD903A6}"
EndProject
Project("{E53339B2-1760-4266-BCC7-CA923CBCF16C}") = "docker-compose", "docker-compose.dcproj", "{C627F9A1-B169-4A2B-BE73-BA4E5C2E3025}"
EndProject
Project("{9A19103F-16F7-4668-BE54-9A1E7A4F7556}") = "HealthCheck", "src\Client\HealthCheck\HealthCheck.csproj", "{D34F7A7A-D649-41F7-ADD5-DD6D845AAF5B}"
EndProject
Project("{2150E333-8FDC-42A3-9474-1A3956D46DE8}") = "Solution Items", "Solution Items", "{33D1C96E-5B32-4ADF-B8A1-387B5B157481}"
	ProjectSection(SolutionItems) = preProject
		prometheus.yml = prometheus.yml
	EndProjectSection
EndProject
Global
	GlobalSection(SolutionConfigurationPlatforms) = preSolution
		Debug|Any CPU = Debug|Any CPU
		Release|Any CPU = Release|Any CPU
	EndGlobalSection
	GlobalSection(ProjectConfigurationPlatforms) = postSolution
		{6059B755-4593-4AEA-84DC-B0709F6994AE}.Debug|Any CPU.ActiveCfg = Debug|Any CPU
		{6059B755-4593-4AEA-84DC-B0709F6994AE}.Debug|Any CPU.Build.0 = Debug|Any CPU
		{6059B755-4593-4AEA-84DC-B0709F6994AE}.Release|Any CPU.ActiveCfg = Release|Any CPU
		{6059B755-4593-4AEA-84DC-B0709F6994AE}.Release|Any CPU.Build.0 = Release|Any CPU
		{67F18B8D-E241-4832-A01E-06D33BFBBF7B}.Debug|Any CPU.ActiveCfg = Debug|Any CPU
		{67F18B8D-E241-4832-A01E-06D33BFBBF7B}.Debug|Any CPU.Build.0 = Debug|Any CPU
		{67F18B8D-E241-4832-A01E-06D33BFBBF7B}.Release|Any CPU.ActiveCfg = Release|Any CPU
		{67F18B8D-E241-4832-A01E-06D33BFBBF7B}.Release|Any CPU.Build.0 = Release|Any CPU
		{6CB67013-D859-41C3-AE00-33E1221EC5DC}.Debug|Any CPU.ActiveCfg = Debug|Any CPU
		{6CB67013-D859-41C3-AE00-33E1221EC5DC}.Debug|Any CPU.Build.0 = Debug|Any CPU
		{6CB67013-D859-41C3-AE00-33E1221EC5DC}.Release|Any CPU.ActiveCfg = Release|Any CPU
		{6CB67013-D859-41C3-AE00-33E1221EC5DC}.Release|Any CPU.Build.0 = Release|Any CPU
		{4B44F9E9-A3DB-47BF-A551-7DBCBF9B4E4F}.Debug|Any CPU.ActiveCfg = Debug|Any CPU
		{4B44F9E9-A3DB-47BF-A551-7DBCBF9B4E4F}.Debug|Any CPU.Build.0 = Debug|Any CPU
		{4B44F9E9-A3DB-47BF-A551-7DBCBF9B4E4F}.Release|Any CPU.ActiveCfg = Release|Any CPU
		{4B44F9E9-A3DB-47BF-A551-7DBCBF9B4E4F}.Release|Any CPU.Build.0 = Release|Any CPU
		{AFC64773-B233-4F81-AB85-4F9E1605F174}.Debug|Any CPU.ActiveCfg = Debug|Any CPU
		{AFC64773-B233-4F81-AB85-4F9E1605F174}.Debug|Any CPU.Build.0 = Debug|Any CPU
		{AFC64773-B233-4F81-AB85-4F9E1605F174}.Release|Any CPU.ActiveCfg = Release|Any CPU
		{AFC64773-B233-4F81-AB85-4F9E1605F174}.Release|Any CPU.Build.0 = Release|Any CPU
		{8AD87C00-5F45-4E7B-B13E-CAE128B75B8A}.Debug|Any CPU.ActiveCfg = Debug|Any CPU
		{8AD87C00-5F45-4E7B-B13E-CAE128B75B8A}.Debug|Any CPU.Build.0 = Debug|Any CPU
		{8AD87C00-5F45-4E7B-B13E-CAE128B75B8A}.Release|Any CPU.ActiveCfg = Release|Any CPU
		{8AD87C00-5F45-4E7B-B13E-CAE128B75B8A}.Release|Any CPU.Build.0 = Release|Any CPU
		{DE485F87-0D06-486A-BC46-A583CBD903A6}.Debug|Any CPU.ActiveCfg = Debug|Any CPU
		{DE485F87-0D06-486A-BC46-A583CBD903A6}.Debug|Any CPU.Build.0 = Debug|Any CPU
		{DE485F87-0D06-486A-BC46-A583CBD903A6}.Release|Any CPU.ActiveCfg = Release|Any CPU
		{DE485F87-0D06-486A-BC46-A583CBD903A6}.Release|Any CPU.Build.0 = Release|Any CPU
		{C627F9A1-B169-4A2B-BE73-BA4E5C2E3025}.Debug|Any CPU.ActiveCfg = Debug|Any CPU
		{C627F9A1-B169-4A2B-BE73-BA4E5C2E3025}.Debug|Any CPU.Build.0 = Debug|Any CPU
		{C627F9A1-B169-4A2B-BE73-BA4E5C2E3025}.Release|Any CPU.ActiveCfg = Release|Any CPU
		{C627F9A1-B169-4A2B-BE73-BA4E5C2E3025}.Release|Any CPU.Build.0 = Release|Any CPU
		{D34F7A7A-D649-41F7-ADD5-DD6D845AAF5B}.Debug|Any CPU.ActiveCfg = Debug|Any CPU
		{D34F7A7A-D649-41F7-ADD5-DD6D845AAF5B}.Debug|Any CPU.Build.0 = Debug|Any CPU
		{D34F7A7A-D649-41F7-ADD5-DD6D845AAF5B}.Release|Any CPU.ActiveCfg = Release|Any CPU
		{D34F7A7A-D649-41F7-ADD5-DD6D845AAF5B}.Release|Any CPU.Build.0 = Release|Any CPU
	EndGlobalSection
	GlobalSection(SolutionProperties) = preSolution
		HideSolutionNode = FALSE
	EndGlobalSection
	GlobalSection(NestedProjects) = preSolution
		{5BAD3C0A-4EB7-453B-AC39-8CD5DB5D6976} = {E9F74AC6-D725-4F79-BA28-BD9D03C9ABD5}
		{6059B755-4593-4AEA-84DC-B0709F6994AE} = {5BAD3C0A-4EB7-453B-AC39-8CD5DB5D6976}
		{67F18B8D-E241-4832-A01E-06D33BFBBF7B} = {5BAD3C0A-4EB7-453B-AC39-8CD5DB5D6976}
		{6CB67013-D859-41C3-AE00-33E1221EC5DC} = {5BAD3C0A-4EB7-453B-AC39-8CD5DB5D6976}
		{4B44F9E9-A3DB-47BF-A551-7DBCBF9B4E4F} = {5BAD3C0A-4EB7-453B-AC39-8CD5DB5D6976}
		{6671551D-C9CA-4505-B1A8-20E1C837E1CD} = {E9F74AC6-D725-4F79-BA28-BD9D03C9ABD5}
		{227C65E5-EAF5-44B3-91BB-83F4D6AB3684} = {E9F74AC6-D725-4F79-BA28-BD9D03C9ABD5}
		{1423760E-6FE7-436D-B5CD-519F75F9F133} = {E9F74AC6-D725-4F79-BA28-BD9D03C9ABD5}
		{AFC64773-B233-4F81-AB85-4F9E1605F174} = {227C65E5-EAF5-44B3-91BB-83F4D6AB3684}
		{8AD87C00-5F45-4E7B-B13E-CAE128B75B8A} = {66AA8B9C-18EB-4BD0-AC94-9253EE214451}
		{66AA8B9C-18EB-4BD0-AC94-9253EE214451} = {6671551D-C9CA-4505-B1A8-20E1C837E1CD}
		{6ED2C6E5-4620-407F-8087-D59474DF20CB} = {6671551D-C9CA-4505-B1A8-20E1C837E1CD}
		{DE485F87-0D06-486A-BC46-A583CBD903A6} = {6ED2C6E5-4620-407F-8087-D59474DF20CB}
		{D34F7A7A-D649-41F7-ADD5-DD6D845AAF5B} = {1423760E-6FE7-436D-B5CD-519F75F9F133}
	EndGlobalSection
	GlobalSection(ExtensibilityGlobals) = postSolution
		SolutionGuid = {36B5016C-1BE7-4CD6-9930-7B4BD6074EE7}
	EndGlobalSection
EndGlobal
